
Microsoft Visual Studio Solution File, Format Version 12.00
# Visual Studio Version 16
VisualStudioVersion = 16.0.29609.76
MinimumVisualStudioVersion = 10.0.40219.1
Project("{FAE04EC0-301F-11D3-BF4B-00C04F79EFBC}") = "Desafio.API", "Desafio.API\Desafio.API.csproj", "{09D3D323-F69D-4453-B4F4-993FDF80EE0A}"
EndProject
Project("{FAE04EC0-301F-11D3-BF4B-00C04F79EFBC}") = "Desafio.Entidades", "Desafio.Entidades\Desafio.Entidades.csproj", "{81DAD520-0542-40B4-94A1-DB5CE4C38B3B}"
EndProject
Project("{FAE04EC0-301F-11D3-BF4B-00C04F79EFBC}") = "Desafio.Servicos", "Desafio.Servicos\Desafio.Servicos.csproj", "{B890280F-5D07-4B29-B58A-587DA0FB153E}"
EndProject
Project("{FAE04EC0-301F-11D3-BF4B-00C04F79EFBC}") = "Desafio.Utils", "Desafio.Utils\Desafio.Utils.csproj", "{FB8BFB26-EFEC-42F2-AD64-34299A446379}"
EndProject
Project("{FAE04EC0-301F-11D3-BF4B-00C04F79EFBC}") = "Desafio.Repositorio", "Desafio.Repositorio\Desafio.Repositorio.csproj", "{B83A42B0-26E7-4FD8-8ECC-7975680F0F4C}"
EndProject
Global
	GlobalSection(SolutionConfigurationPlatforms) = preSolution
		Debug|Any CPU = Debug|Any CPU
		Release|Any CPU = Release|Any CPU
	EndGlobalSection
	GlobalSection(ProjectConfigurationPlatforms) = postSolution
		{09D3D323-F69D-4453-B4F4-993FDF80EE0A}.Debug|Any CPU.ActiveCfg = Debug|Any CPU
		{09D3D323-F69D-4453-B4F4-993FDF80EE0A}.Debug|Any CPU.Build.0 = Debug|Any CPU
		{09D3D323-F69D-4453-B4F4-993FDF80EE0A}.Release|Any CPU.ActiveCfg = Release|Any CPU
		{09D3D323-F69D-4453-B4F4-993FDF80EE0A}.Release|Any CPU.Build.0 = Release|Any CPU
		{81DAD520-0542-40B4-94A1-DB5CE4C38B3B}.Debug|Any CPU.ActiveCfg = Debug|Any CPU
		{81DAD520-0542-40B4-94A1-DB5CE4C38B3B}.Debug|Any CPU.Build.0 = Debug|Any CPU
		{81DAD520-0542-40B4-94A1-DB5CE4C38B3B}.Release|Any CPU.ActiveCfg = Release|Any CPU
		{81DAD520-0542-40B4-94A1-DB5CE4C38B3B}.Release|Any CPU.Build.0 = Release|Any CPU
		{B890280F-5D07-4B29-B58A-587DA0FB153E}.Debug|Any CPU.ActiveCfg = Debug|Any CPU
		{B890280F-5D07-4B29-B58A-587DA0FB153E}.Debug|Any CPU.Build.0 = Debug|Any CPU
		{B890280F-5D07-4B29-B58A-587DA0FB153E}.Release|Any CPU.ActiveCfg = Release|Any CPU
		{B890280F-5D07-4B29-B58A-587DA0FB153E}.Release|Any CPU.Build.0 = Release|Any CPU
		{FB8BFB26-EFEC-42F2-AD64-34299A446379}.Debug|Any CPU.ActiveCfg = Debug|Any CPU
		{FB8BFB26-EFEC-42F2-AD64-34299A446379}.Debug|Any CPU.Build.0 = Debug|Any CPU
		{FB8BFB26-EFEC-42F2-AD64-34299A446379}.Release|Any CPU.ActiveCfg = Release|Any CPU
		{FB8BFB26-EFEC-42F2-AD64-34299A446379}.Release|Any CPU.Build.0 = Release|Any CPU
		{B83A42B0-26E7-4FD8-8ECC-7975680F0F4C}.Debug|Any CPU.ActiveCfg = Debug|Any CPU
		{B83A42B0-26E7-4FD8-8ECC-7975680F0F4C}.Debug|Any CPU.Build.0 = Debug|Any CPU
		{B83A42B0-26E7-4FD8-8ECC-7975680F0F4C}.Release|Any CPU.ActiveCfg = Release|Any CPU
		{B83A42B0-26E7-4FD8-8ECC-7975680F0F4C}.Release|Any CPU.Build.0 = Release|Any CPU
	EndGlobalSection
	GlobalSection(SolutionProperties) = preSolution
		HideSolutionNode = FALSE
	EndGlobalSection
	GlobalSection(ExtensibilityGlobals) = postSolution
		SolutionGuid = {23D5D4D8-0DDF-4631-B639-EC4A9AA64BA2}
	EndGlobalSection
EndGlobal
